
Microsoft Visual Studio Solution File, Format Version 12.00
# Visual Studio 14
VisualStudioVersion = 14.0.24720.0
MinimumVisualStudioVersion = 10.0.40219.1
Project("{FAE04EC0-301F-11D3-BF4B-00C04F79EFBC}") = "Dobro.Domain", "Dobro.Domain\Dobro.Domain.csproj", "{8BEF67CB-F691-4B61-A0B2-E354AFF7144D}"
EndProject
Project("{FAE04EC0-301F-11D3-BF4B-00C04F79EFBC}") = "Dobro.WebUI", "Dobro.WebUI\Dobro.WebUI.csproj", "{E9831CF1-C304-43F2-AA08-3F8575A0559D}"
	ProjectSection(ProjectDependencies) = postProject
		{8BEF67CB-F691-4B61-A0B2-E354AFF7144D} = {8BEF67CB-F691-4B61-A0B2-E354AFF7144D}
	EndProjectSection
EndProject
Global
	GlobalSection(SolutionConfigurationPlatforms) = preSolution
		Debug|Any CPU = Debug|Any CPU
		Release|Any CPU = Release|Any CPU
	EndGlobalSection
	GlobalSection(ProjectConfigurationPlatforms) = postSolution
		{8BEF67CB-F691-4B61-A0B2-E354AFF7144D}.Debug|Any CPU.ActiveCfg = Debug|Any CPU
		{8BEF67CB-F691-4B61-A0B2-E354AFF7144D}.Debug|Any CPU.Build.0 = Debug|Any CPU
		{8BEF67CB-F691-4B61-A0B2-E354AFF7144D}.Release|Any CPU.ActiveCfg = Release|Any CPU
		{8BEF67CB-F691-4B61-A0B2-E354AFF7144D}.Release|Any CPU.Build.0 = Release|Any CPU
		{E9831CF1-C304-43F2-AA08-3F8575A0559D}.Debug|Any CPU.ActiveCfg = Debug|Any CPU
		{E9831CF1-C304-43F2-AA08-3F8575A0559D}.Debug|Any CPU.Build.0 = Debug|Any CPU
		{E9831CF1-C304-43F2-AA08-3F8575A0559D}.Release|Any CPU.ActiveCfg = Release|Any CPU
		{E9831CF1-C304-43F2-AA08-3F8575A0559D}.Release|Any CPU.Build.0 = Release|Any CPU
	EndGlobalSection
	GlobalSection(SolutionProperties) = preSolution
		HideSolutionNode = FALSE
	EndGlobalSection
EndGlobal
