
Microsoft Visual Studio Solution File, Format Version 12.00
# Visual Studio 14
VisualStudioVersion = 14.0.24720.0
MinimumVisualStudioVersion = 10.0.40219.1
Project("{FAE04EC0-301F-11D3-BF4B-00C04F79EFBC}") = "dovator6", "dovator6\dovator6.csproj", "{10C5D819-20B2-4407-B44F-661DDBD302EE}"
EndProject
Global
	GlobalSection(SolutionConfigurationPlatforms) = preSolution
		Debug|Any CPU = Debug|Any CPU
		Release|Any CPU = Release|Any CPU
	EndGlobalSection
	GlobalSection(ProjectConfigurationPlatforms) = postSolution
		{10C5D819-20B2-4407-B44F-661DDBD302EE}.Debug|Any CPU.ActiveCfg = Debug|Any CPU
		{10C5D819-20B2-4407-B44F-661DDBD302EE}.Debug|Any CPU.Build.0 = Debug|Any CPU
		{10C5D819-20B2-4407-B44F-661DDBD302EE}.Release|Any CPU.ActiveCfg = Release|Any CPU
		{10C5D819-20B2-4407-B44F-661DDBD302EE}.Release|Any CPU.Build.0 = Release|Any CPU
	EndGlobalSection
	GlobalSection(SolutionProperties) = preSolution
		HideSolutionNode = FALSE
	EndGlobalSection
EndGlobal
